
Microsoft Visual Studio Solution File, Format Version 12.00
# Visual Studio Version 17
VisualStudioVersion = 17.11.35312.102
MinimumVisualStudioVersion = 10.0.40219.1
Project("{9A19103F-16F7-4668-BE54-9A1E7A4F7556}") = "SchoolSystem", "SchoolSystem.csproj", "{B3331AA5-C5BA-40F8-921E-A23B1828E585}"
EndProject
Global
	GlobalSection(SolutionConfigurationPlatforms) = preSolution
		Debug|Any CPU = Debug|Any CPU
		Release|Any CPU = Release|Any CPU
	EndGlobalSection
	GlobalSection(ProjectConfigurationPlatforms) = postSolution
		{B3331AA5-C5BA-40F8-921E-A23B1828E585}.Debug|Any CPU.ActiveCfg = Debug|Any CPU
		{B3331AA5-C5BA-40F8-921E-A23B1828E585}.Debug|Any CPU.Build.0 = Debug|Any CPU
		{B3331AA5-C5BA-40F8-921E-A23B1828E585}.Release|Any CPU.ActiveCfg = Release|Any CPU
		{B3331AA5-C5BA-40F8-921E-A23B1828E585}.Release|Any CPU.Build.0 = Release|Any CPU
	EndGlobalSection
	GlobalSection(SolutionProperties) = preSolution
		HideSolutionNode = FALSE
	EndGlobalSection
	GlobalSection(ExtensibilityGlobals) = postSolution
		SolutionGuid = {768A7DE7-C737-44CA-91AA-9ED3D1F4C024}
	EndGlobalSection
EndGlobal
